
Microsoft Visual Studio Solution File, Format Version 12.00
# Visual Studio 2012
Project("{FAE04EC0-301F-11D3-BF4B-00C04F79EFBC}") = "fileshare-utility", "fileshare-utility\fileshare-utility.csproj", "{249B5BFD-9596-4637-A13A-99C83C9A9A09}"
EndProject
Global
	GlobalSection(SolutionConfigurationPlatforms) = preSolution
		Debug|Any CPU = Debug|Any CPU
		Release|Any CPU = Release|Any CPU
	EndGlobalSection
	GlobalSection(ProjectConfigurationPlatforms) = postSolution
		{249B5BFD-9596-4637-A13A-99C83C9A9A09}.Debug|Any CPU.ActiveCfg = Debug|Any CPU
		{249B5BFD-9596-4637-A13A-99C83C9A9A09}.Debug|Any CPU.Build.0 = Debug|Any CPU
		{249B5BFD-9596-4637-A13A-99C83C9A9A09}.Release|Any CPU.ActiveCfg = Release|Any CPU
		{249B5BFD-9596-4637-A13A-99C83C9A9A09}.Release|Any CPU.Build.0 = Release|Any CPU
	EndGlobalSection
	GlobalSection(SolutionProperties) = preSolution
		HideSolutionNode = FALSE
	EndGlobalSection
EndGlobal
